
Microsoft Visual Studio Solution File, Format Version 12.00
# Visual Studio Version 16
VisualStudioVersion = 16.0.29102.190
MinimumVisualStudioVersion = 10.0.40219.1
Project("{FAE04EC0-301F-11D3-BF4B-00C04F79EFBC}") = "B20_Ex02", "B20_Ex02\B20_Ex02.csproj", "{3DA5A546-CC6C-4DC3-889B-2B44DD663798}"
EndProject
Project("{2150E333-8FDC-42A3-9474-1A3956D46DE8}") = "Solution Items", "Solution Items", "{D7AE3663-9B19-4197-A449-5C7D6A5EC8DC}"
	ProjectSection(SolutionItems) = preProject
		Exercise Checking Report.txt = Exercise Checking Report.txt
	EndProjectSection
EndProject
Global
	GlobalSection(SolutionConfigurationPlatforms) = preSolution
		Debug|Any CPU = Debug|Any CPU
		Release|Any CPU = Release|Any CPU
	EndGlobalSection
	GlobalSection(ProjectConfigurationPlatforms) = postSolution
		{3DA5A546-CC6C-4DC3-889B-2B44DD663798}.Debug|Any CPU.ActiveCfg = Debug|Any CPU
		{3DA5A546-CC6C-4DC3-889B-2B44DD663798}.Debug|Any CPU.Build.0 = Debug|Any CPU
		{3DA5A546-CC6C-4DC3-889B-2B44DD663798}.Release|Any CPU.ActiveCfg = Release|Any CPU
		{3DA5A546-CC6C-4DC3-889B-2B44DD663798}.Release|Any CPU.Build.0 = Release|Any CPU
	EndGlobalSection
	GlobalSection(SolutionProperties) = preSolution
		HideSolutionNode = FALSE
	EndGlobalSection
	GlobalSection(ExtensibilityGlobals) = postSolution
		SolutionGuid = {A80630CC-1DC4-47A6-955D-4294F067AF37}
	EndGlobalSection
EndGlobal
