
Microsoft Visual Studio Solution File, Format Version 12.00
# Visual Studio Version 16
VisualStudioVersion = 16.0.30204.135
MinimumVisualStudioVersion = 10.0.40219.1
Project("{FAE04EC0-301F-11D3-BF4B-00C04F79EFBC}") = "MemoryGameApplication", "App\MemoryGameApplication.csproj", "{F57DAC04-D452-4E47-9315-23699DF86395}"
EndProject
Project("{2150E333-8FDC-42A3-9474-1A3956D46DE8}") = "Solution Items", "Solution Items", "{1745518A-A0C9-4F25-B830-673E4991405D}"
	ProjectSection(SolutionItems) = preProject
		Exercise Checking Report.txt = Exercise Checking Report.txt
	EndProjectSection
EndProject
Global
	GlobalSection(SolutionConfigurationPlatforms) = preSolution
		Debug|Any CPU = Debug|Any CPU
		Release|Any CPU = Release|Any CPU
	EndGlobalSection
	GlobalSection(ProjectConfigurationPlatforms) = postSolution
		{F57DAC04-D452-4E47-9315-23699DF86395}.Debug|Any CPU.ActiveCfg = Debug|Any CPU
		{F57DAC04-D452-4E47-9315-23699DF86395}.Debug|Any CPU.Build.0 = Debug|Any CPU
		{F57DAC04-D452-4E47-9315-23699DF86395}.Release|Any CPU.ActiveCfg = Release|Any CPU
		{F57DAC04-D452-4E47-9315-23699DF86395}.Release|Any CPU.Build.0 = Release|Any CPU
	EndGlobalSection
	GlobalSection(SolutionProperties) = preSolution
		HideSolutionNode = FALSE
	EndGlobalSection
	GlobalSection(ExtensibilityGlobals) = postSolution
		SolutionGuid = {587110FA-F511-47ED-A629-A8FB88A54BB3}
	EndGlobalSection
EndGlobal
