
Microsoft Visual Studio Solution File, Format Version 12.00
# Visual Studio Version 16
VisualStudioVersion = 16.0.29102.190
MinimumVisualStudioVersion = 10.0.40219.1
Project("{FAE04EC0-301F-11D3-BF4B-00C04F79EFBC}") = "Ex03.GarageLogic", "Ex03.GarageLogic\Ex03.GarageLogic.csproj", "{3156DB80-CDEC-4231-922D-52C397EE867C}"
EndProject
Project("{FAE04EC0-301F-11D3-BF4B-00C04F79EFBC}") = "Ex03.ConsoleUI", "Ex03.ConsoleUI\Ex03.ConsoleUI.csproj", "{00CD5CF0-7478-48CC-88A6-EB51422A1954}"
EndProject
Project("{2150E333-8FDC-42A3-9474-1A3956D46DE8}") = "Solution Items", "Solution Items", "{95C8C864-254F-461D-AEF3-59208E76C305}"
	ProjectSection(SolutionItems) = preProject
		Exercise Checking Report.txt = Exercise Checking Report.txt
	EndProjectSection
EndProject
Global
	GlobalSection(SolutionConfigurationPlatforms) = preSolution
		Debug|Any CPU = Debug|Any CPU
		Release|Any CPU = Release|Any CPU
	EndGlobalSection
	GlobalSection(ProjectConfigurationPlatforms) = postSolution
		{3156DB80-CDEC-4231-922D-52C397EE867C}.Debug|Any CPU.ActiveCfg = Debug|Any CPU
		{3156DB80-CDEC-4231-922D-52C397EE867C}.Debug|Any CPU.Build.0 = Debug|Any CPU
		{3156DB80-CDEC-4231-922D-52C397EE867C}.Release|Any CPU.ActiveCfg = Release|Any CPU
		{3156DB80-CDEC-4231-922D-52C397EE867C}.Release|Any CPU.Build.0 = Release|Any CPU
		{00CD5CF0-7478-48CC-88A6-EB51422A1954}.Debug|Any CPU.ActiveCfg = Debug|Any CPU
		{00CD5CF0-7478-48CC-88A6-EB51422A1954}.Debug|Any CPU.Build.0 = Debug|Any CPU
		{00CD5CF0-7478-48CC-88A6-EB51422A1954}.Release|Any CPU.ActiveCfg = Release|Any CPU
		{00CD5CF0-7478-48CC-88A6-EB51422A1954}.Release|Any CPU.Build.0 = Release|Any CPU
	EndGlobalSection
	GlobalSection(SolutionProperties) = preSolution
		HideSolutionNode = FALSE
	EndGlobalSection
	GlobalSection(ExtensibilityGlobals) = postSolution
		SolutionGuid = {47382951-A91E-4544-BA91-246CA10BDFC3}
	EndGlobalSection
EndGlobal
